
Microsoft Visual Studio Solution File, Format Version 12.00
# Visual Studio 15
VisualStudioVersion = 15.0.28307.1062
MinimumVisualStudioVersion = 10.0.40219.1
Project("{FAE04EC0-301F-11D3-BF4B-00C04F79EFBC}") = "CodeTesting", "CodeTesting\CodeTesting.csproj", "{29F4F568-2EEE-4815-8454-BE6438A2DD5C}"
EndProject
Project("{FAE04EC0-301F-11D3-BF4B-00C04F79EFBC}") = "CallAPI", "CallAPI\CallAPI.csproj", "{C580FE35-F3DB-4180-9C5B-D14273297058}"
EndProject
Project("{FAE04EC0-301F-11D3-BF4B-00C04F79EFBC}") = "MVCWebApp", "MVCWebApp\MVCWebApp.csproj", "{9AFBC3FE-5551-4A91-8D86-FA553434A12F}"
EndProject
Global
	GlobalSection(SolutionConfigurationPlatforms) = preSolution
		Debug|Any CPU = Debug|Any CPU
		Release|Any CPU = Release|Any CPU
	EndGlobalSection
	GlobalSection(ProjectConfigurationPlatforms) = postSolution
		{29F4F568-2EEE-4815-8454-BE6438A2DD5C}.Debug|Any CPU.ActiveCfg = Debug|Any CPU
		{29F4F568-2EEE-4815-8454-BE6438A2DD5C}.Debug|Any CPU.Build.0 = Debug|Any CPU
		{29F4F568-2EEE-4815-8454-BE6438A2DD5C}.Release|Any CPU.ActiveCfg = Release|Any CPU
		{29F4F568-2EEE-4815-8454-BE6438A2DD5C}.Release|Any CPU.Build.0 = Release|Any CPU
		{C580FE35-F3DB-4180-9C5B-D14273297058}.Debug|Any CPU.ActiveCfg = Debug|Any CPU
		{C580FE35-F3DB-4180-9C5B-D14273297058}.Debug|Any CPU.Build.0 = Debug|Any CPU
		{C580FE35-F3DB-4180-9C5B-D14273297058}.Release|Any CPU.ActiveCfg = Release|Any CPU
		{C580FE35-F3DB-4180-9C5B-D14273297058}.Release|Any CPU.Build.0 = Release|Any CPU
		{9AFBC3FE-5551-4A91-8D86-FA553434A12F}.Debug|Any CPU.ActiveCfg = Debug|Any CPU
		{9AFBC3FE-5551-4A91-8D86-FA553434A12F}.Debug|Any CPU.Build.0 = Debug|Any CPU
		{9AFBC3FE-5551-4A91-8D86-FA553434A12F}.Release|Any CPU.ActiveCfg = Release|Any CPU
		{9AFBC3FE-5551-4A91-8D86-FA553434A12F}.Release|Any CPU.Build.0 = Release|Any CPU
	EndGlobalSection
	GlobalSection(SolutionProperties) = preSolution
		HideSolutionNode = FALSE
	EndGlobalSection
	GlobalSection(ExtensibilityGlobals) = postSolution
		SolutionGuid = {3D7B3D48-F792-4F86-AB9F-C2981F44C9A3}
	EndGlobalSection
EndGlobal
